
Microsoft Visual Studio Solution File, Format Version 12.00
# Visual Studio 2013
VisualStudioVersion = 12.0.21005.1
MinimumVisualStudioVersion = 10.0.40219.1
Project("{FAE04EC0-301F-11D3-BF4B-00C04F79EFBC}") = "Domain", "Domain\Domain.csproj", "{F5D6BEE0-03E8-496E-84C8-992D7B07E013}"
EndProject
Project("{FAE04EC0-301F-11D3-BF4B-00C04F79EFBC}") = "UnitTestSolid", "UnitTestSolid\UnitTestSolid.csproj", "{C68EAE49-67EE-4AF0-A559-66F448FB8125}"
EndProject
Project("{FAE04EC0-301F-11D3-BF4B-00C04F79EFBC}") = "Api", "Api\Api.csproj", "{53179897-D042-4588-B292-92FACF4FE9B2}"
EndProject
Project("{FAE04EC0-301F-11D3-BF4B-00C04F79EFBC}") = "Web", "Web\Web.csproj", "{5511F5B8-ABF3-428F-8C1F-23876F85054E}"
EndProject
Project("{FAE04EC0-301F-11D3-BF4B-00C04F79EFBC}") = "WebAngular", "WebAngular\WebAngular.csproj", "{1B244661-6B89-4015-8F3B-45C72473B011}"
EndProject
Project("{FAE04EC0-301F-11D3-BF4B-00C04F79EFBC}") = "WebAngular01", "WebAngular01\WebAngular01.csproj", "{0A76499A-9E8C-41F4-86BD-026DFC3D72FF}"
EndProject
Project("{FAE04EC0-301F-11D3-BF4B-00C04F79EFBC}") = "WebMobile", "WebMobile\WebMobile.csproj", "{76CBCA23-3E11-4AAD-B56C-BE443AE390CC}"
EndProject
Global
	GlobalSection(SolutionConfigurationPlatforms) = preSolution
		Debug|Any CPU = Debug|Any CPU
		Release|Any CPU = Release|Any CPU
	EndGlobalSection
	GlobalSection(ProjectConfigurationPlatforms) = postSolution
		{F5D6BEE0-03E8-496E-84C8-992D7B07E013}.Debug|Any CPU.ActiveCfg = Debug|Any CPU
		{F5D6BEE0-03E8-496E-84C8-992D7B07E013}.Debug|Any CPU.Build.0 = Debug|Any CPU
		{F5D6BEE0-03E8-496E-84C8-992D7B07E013}.Release|Any CPU.ActiveCfg = Release|Any CPU
		{F5D6BEE0-03E8-496E-84C8-992D7B07E013}.Release|Any CPU.Build.0 = Release|Any CPU
		{C68EAE49-67EE-4AF0-A559-66F448FB8125}.Debug|Any CPU.ActiveCfg = Debug|Any CPU
		{C68EAE49-67EE-4AF0-A559-66F448FB8125}.Debug|Any CPU.Build.0 = Debug|Any CPU
		{C68EAE49-67EE-4AF0-A559-66F448FB8125}.Release|Any CPU.ActiveCfg = Release|Any CPU
		{C68EAE49-67EE-4AF0-A559-66F448FB8125}.Release|Any CPU.Build.0 = Release|Any CPU
		{53179897-D042-4588-B292-92FACF4FE9B2}.Debug|Any CPU.ActiveCfg = Debug|Any CPU
		{53179897-D042-4588-B292-92FACF4FE9B2}.Debug|Any CPU.Build.0 = Debug|Any CPU
		{53179897-D042-4588-B292-92FACF4FE9B2}.Release|Any CPU.ActiveCfg = Release|Any CPU
		{53179897-D042-4588-B292-92FACF4FE9B2}.Release|Any CPU.Build.0 = Release|Any CPU
		{53179897-D042-4588-B292-92FACF4FE9B2}.Release|Any CPU.Deploy.0 = Release|Any CPU
		{5511F5B8-ABF3-428F-8C1F-23876F85054E}.Debug|Any CPU.ActiveCfg = Debug|Any CPU
		{5511F5B8-ABF3-428F-8C1F-23876F85054E}.Debug|Any CPU.Build.0 = Debug|Any CPU
		{5511F5B8-ABF3-428F-8C1F-23876F85054E}.Release|Any CPU.ActiveCfg = Release|Any CPU
		{5511F5B8-ABF3-428F-8C1F-23876F85054E}.Release|Any CPU.Build.0 = Release|Any CPU
		{1B244661-6B89-4015-8F3B-45C72473B011}.Debug|Any CPU.ActiveCfg = Debug|Any CPU
		{1B244661-6B89-4015-8F3B-45C72473B011}.Debug|Any CPU.Build.0 = Debug|Any CPU
		{1B244661-6B89-4015-8F3B-45C72473B011}.Release|Any CPU.ActiveCfg = Release|Any CPU
		{1B244661-6B89-4015-8F3B-45C72473B011}.Release|Any CPU.Build.0 = Release|Any CPU
		{0A76499A-9E8C-41F4-86BD-026DFC3D72FF}.Debug|Any CPU.ActiveCfg = Debug|Any CPU
		{0A76499A-9E8C-41F4-86BD-026DFC3D72FF}.Debug|Any CPU.Build.0 = Debug|Any CPU
		{0A76499A-9E8C-41F4-86BD-026DFC3D72FF}.Release|Any CPU.ActiveCfg = Release|Any CPU
		{0A76499A-9E8C-41F4-86BD-026DFC3D72FF}.Release|Any CPU.Build.0 = Release|Any CPU
		{76CBCA23-3E11-4AAD-B56C-BE443AE390CC}.Debug|Any CPU.ActiveCfg = Debug|Any CPU
		{76CBCA23-3E11-4AAD-B56C-BE443AE390CC}.Debug|Any CPU.Build.0 = Debug|Any CPU
		{76CBCA23-3E11-4AAD-B56C-BE443AE390CC}.Release|Any CPU.ActiveCfg = Release|Any CPU
		{76CBCA23-3E11-4AAD-B56C-BE443AE390CC}.Release|Any CPU.Build.0 = Release|Any CPU
		{76CBCA23-3E11-4AAD-B56C-BE443AE390CC}.Release|Any CPU.Deploy.0 = Release|Any CPU
	EndGlobalSection
	GlobalSection(SolutionProperties) = preSolution
		HideSolutionNode = FALSE
	EndGlobalSection
EndGlobal
